
Microsoft Visual Studio Solution File, Format Version 12.00
# Visual Studio Version 16
VisualStudioVersion = 16.0.29609.76
MinimumVisualStudioVersion = 10.0.40219.1
Project("{9A19103F-16F7-4668-BE54-9A1E7A4F7556}") = "Sameer.Shared", "Sameer.Shared\Sameer.Shared.csproj", "{FB14608F-35B4-4699-8FA0-853A84E40C64}"
EndProject
Project("{9A19103F-16F7-4668-BE54-9A1E7A4F7556}") = "Sameer.Shared.Helpers", "Sameer.Shared.Helpers\Sameer.Shared.Helpers.csproj", "{95B2479B-5ECB-47BF-80EE-18679A042AAF}"
EndProject
Project("{9A19103F-16F7-4668-BE54-9A1E7A4F7556}") = "Sameer.Shared.Test", "Sameer.Shared.Test\Sameer.Shared.Test.csproj", "{DF20C56D-742E-470D-8262-DCBF8D138662}"
EndProject
Project("{9A19103F-16F7-4668-BE54-9A1E7A4F7556}") = "Sameer.Shared.Data", "Sameer.Shared.Data\Sameer.Shared.Data.csproj", "{65D20FDE-6B0A-4D01-9663-B4EA4272F538}"
EndProject
Project("{9A19103F-16F7-4668-BE54-9A1E7A4F7556}") = "Sameer.Shared.ConsoleTest", "Sameer.Shared.ConsoleTest\Sameer.Shared.ConsoleTest.csproj", "{101C7CBB-E954-4CE1-AC99-462181EAFD2B}"
EndProject
Project("{9A19103F-16F7-4668-BE54-9A1E7A4F7556}") = "Sameer.Shared.Helpers.Mvc", "Sameer.Shared.Helpers.Mvc\Sameer.Shared.Helpers.Mvc.csproj", "{79F4C42D-50D1-4C25-89A9-B39D5829560D}"
EndProject
Project("{9A19103F-16F7-4668-BE54-9A1E7A4F7556}") = "Sameer.Shared.Mvc", "Sameer.Shared.Mvc\Sameer.Shared.Mvc.csproj", "{6D8944E1-58A6-4813-BAE4-99805E3599E4}"
EndProject
Project("{FAE04EC0-301F-11D3-BF4B-00C04F79EFBC}") = "Sameer.Shared.Web.Api", "Sameer.Shared.Web.Api\Sameer.Shared.Web.Api.csproj", "{60702965-B477-413C-AC61-36B5643265E6}"
EndProject
Global
	GlobalSection(SolutionConfigurationPlatforms) = preSolution
		Debug|Any CPU = Debug|Any CPU
		Release|Any CPU = Release|Any CPU
	EndGlobalSection
	GlobalSection(ProjectConfigurationPlatforms) = postSolution
		{FB14608F-35B4-4699-8FA0-853A84E40C64}.Debug|Any CPU.ActiveCfg = Debug|Any CPU
		{FB14608F-35B4-4699-8FA0-853A84E40C64}.Debug|Any CPU.Build.0 = Debug|Any CPU
		{FB14608F-35B4-4699-8FA0-853A84E40C64}.Release|Any CPU.ActiveCfg = Release|Any CPU
		{FB14608F-35B4-4699-8FA0-853A84E40C64}.Release|Any CPU.Build.0 = Release|Any CPU
		{95B2479B-5ECB-47BF-80EE-18679A042AAF}.Debug|Any CPU.ActiveCfg = Debug|Any CPU
		{95B2479B-5ECB-47BF-80EE-18679A042AAF}.Debug|Any CPU.Build.0 = Debug|Any CPU
		{95B2479B-5ECB-47BF-80EE-18679A042AAF}.Release|Any CPU.ActiveCfg = Release|Any CPU
		{95B2479B-5ECB-47BF-80EE-18679A042AAF}.Release|Any CPU.Build.0 = Release|Any CPU
		{DF20C56D-742E-470D-8262-DCBF8D138662}.Debug|Any CPU.ActiveCfg = Debug|Any CPU
		{DF20C56D-742E-470D-8262-DCBF8D138662}.Debug|Any CPU.Build.0 = Debug|Any CPU
		{DF20C56D-742E-470D-8262-DCBF8D138662}.Release|Any CPU.ActiveCfg = Release|Any CPU
		{DF20C56D-742E-470D-8262-DCBF8D138662}.Release|Any CPU.Build.0 = Release|Any CPU
		{65D20FDE-6B0A-4D01-9663-B4EA4272F538}.Debug|Any CPU.ActiveCfg = Debug|Any CPU
		{65D20FDE-6B0A-4D01-9663-B4EA4272F538}.Debug|Any CPU.Build.0 = Debug|Any CPU
		{65D20FDE-6B0A-4D01-9663-B4EA4272F538}.Release|Any CPU.ActiveCfg = Release|Any CPU
		{65D20FDE-6B0A-4D01-9663-B4EA4272F538}.Release|Any CPU.Build.0 = Release|Any CPU
		{101C7CBB-E954-4CE1-AC99-462181EAFD2B}.Debug|Any CPU.ActiveCfg = Debug|Any CPU
		{101C7CBB-E954-4CE1-AC99-462181EAFD2B}.Debug|Any CPU.Build.0 = Debug|Any CPU
		{101C7CBB-E954-4CE1-AC99-462181EAFD2B}.Release|Any CPU.ActiveCfg = Release|Any CPU
		{101C7CBB-E954-4CE1-AC99-462181EAFD2B}.Release|Any CPU.Build.0 = Release|Any CPU
		{79F4C42D-50D1-4C25-89A9-B39D5829560D}.Debug|Any CPU.ActiveCfg = Debug|Any CPU
		{79F4C42D-50D1-4C25-89A9-B39D5829560D}.Debug|Any CPU.Build.0 = Debug|Any CPU
		{79F4C42D-50D1-4C25-89A9-B39D5829560D}.Release|Any CPU.ActiveCfg = Release|Any CPU
		{79F4C42D-50D1-4C25-89A9-B39D5829560D}.Release|Any CPU.Build.0 = Release|Any CPU
		{6D8944E1-58A6-4813-BAE4-99805E3599E4}.Debug|Any CPU.ActiveCfg = Debug|Any CPU
		{6D8944E1-58A6-4813-BAE4-99805E3599E4}.Debug|Any CPU.Build.0 = Debug|Any CPU
		{6D8944E1-58A6-4813-BAE4-99805E3599E4}.Release|Any CPU.ActiveCfg = Release|Any CPU
		{6D8944E1-58A6-4813-BAE4-99805E3599E4}.Release|Any CPU.Build.0 = Release|Any CPU
		{60702965-B477-413C-AC61-36B5643265E6}.Debug|Any CPU.ActiveCfg = Debug|Any CPU
		{60702965-B477-413C-AC61-36B5643265E6}.Debug|Any CPU.Build.0 = Debug|Any CPU
		{60702965-B477-413C-AC61-36B5643265E6}.Release|Any CPU.ActiveCfg = Release|Any CPU
		{60702965-B477-413C-AC61-36B5643265E6}.Release|Any CPU.Build.0 = Release|Any CPU
	EndGlobalSection
	GlobalSection(SolutionProperties) = preSolution
		HideSolutionNode = FALSE
	EndGlobalSection
	GlobalSection(ExtensibilityGlobals) = postSolution
		SolutionGuid = {175BBC5B-1BBA-407A-A9D3-58F996F03BF1}
	EndGlobalSection
EndGlobal
